// !$*UTF8*$!
{
	archiveVersion = 1;
	classes = {
	};
	objectVersion = 56;
	objects = {

/* Begin PBXBuildFile section */
		4C002F112A77554200DB9844 /* CameraView.swift in Sources */ = {isa = PBXBuildFile; fileRef = 4C002F102A77554200DB9844 /* CameraView.swift */; };
		4C002F152A77571600DB9844 /* ImageClassification.swift in Sources */ = {isa = PBXBuildFile; fileRef = 4C002F142A77571600DB9844 /* ImageClassification.swift */; };
		4C002F182A77575400DB9844 /* FoodClassifier.mlmodel in Sources */ = {isa = PBXBuildFile; fileRef = 4C002F172A77575400DB9844 /* FoodClassifier.mlmodel */; };
		4C002F1A2A7757E500DB9844 /* CGImagePropertyOrientation+UIImageOrientation.swift in Sources */ = {isa = PBXBuildFile; fileRef = 4C002F192A7757E500DB9844 /* CGImagePropertyOrientation+UIImageOrientation.swift */; };
		4C30EEC82A73625900D91D59 /* NutriCamApp.swift in Sources */ = {isa = PBXBuildFile; fileRef = 4C30EEC72A73625900D91D59 /* NutriCamApp.swift */; };
		4C30EECA2A73625900D91D59 /* ContentView.swift in Sources */ = {isa = PBXBuildFile; fileRef = 4C30EEC92A73625900D91D59 /* ContentView.swift */; };
		4C30EECC2A73625B00D91D59 /* Assets.xcassets in Resources */ = {isa = PBXBuildFile; fileRef = 4C30EECB2A73625B00D91D59 /* Assets.xcassets */; };
		4C30EECF2A73625B00D91D59 /* Preview Assets.xcassets in Resources */ = {isa = PBXBuildFile; fileRef = 4C30EECE2A73625B00D91D59 /* Preview Assets.xcassets */; };
		4C765CF82A7CAC28003E9748 /* best.mlpackage in Sources */ = {isa = PBXBuildFile; fileRef = 4C765CF72A7CAC28003E9748 /* best.mlpackage */; };
		8D2676CA2A73650400F4E6BC /* .gitignore in Resources */ = {isa = PBXBuildFile; fileRef = 8D2676C92A73650400F4E6BC /* .gitignore */; };
/* End PBXBuildFile section */

/* Begin PBXFileReference section */
		4C002F102A77554200DB9844 /* CameraView.swift */ = {isa = PBXFileReference; lastKnownFileType = sourcecode.swift; path = CameraView.swift; sourceTree = "<group>"; };
		4C002F142A77571600DB9844 /* ImageClassification.swift */ = {isa = PBXFileReference; lastKnownFileType = sourcecode.swift; path = ImageClassification.swift; sourceTree = "<group>"; };
		4C002F172A77575400DB9844 /* FoodClassifier.mlmodel */ = {isa = PBXFileReference; lastKnownFileType = file.mlmodel; path = FoodClassifier.mlmodel; sourceTree = "<group>"; };
		4C002F192A7757E500DB9844 /* CGImagePropertyOrientation+UIImageOrientation.swift */ = {isa = PBXFileReference; lastKnownFileType = sourcecode.swift; path = "CGImagePropertyOrientation+UIImageOrientation.swift"; sourceTree = "<group>"; };
		4C30EEC42A73625900D91D59 /* NutriCam.app */ = {isa = PBXFileReference; explicitFileType = wrapper.application; includeInIndex = 0; path = NutriCam.app; sourceTree = BUILT_PRODUCTS_DIR; };
		4C30EEC72A73625900D91D59 /* NutriCamApp.swift */ = {isa = PBXFileReference; lastKnownFileType = sourcecode.swift; path = NutriCamApp.swift; sourceTree = "<group>"; };
		4C30EEC92A73625900D91D59 /* ContentView.swift */ = {isa = PBXFileReference; lastKnownFileType = sourcecode.swift; path = ContentView.swift; sourceTree = "<group>"; };
		4C30EECB2A73625B00D91D59 /* Assets.xcassets */ = {isa = PBXFileReference; lastKnownFileType = folder.assetcatalog; path = Assets.xcassets; sourceTree = "<group>"; };
		4C30EECE2A73625B00D91D59 /* Preview Assets.xcassets */ = {isa = PBXFileReference; lastKnownFileType = folder.assetcatalog; path = "Preview Assets.xcassets"; sourceTree = "<group>"; };
		4C765CF72A7CAC28003E9748 /* best.mlpackage */ = {isa = PBXFileReference; lastKnownFileType = folder.mlpackage; path = best.mlpackage; sourceTree = "<group>"; };
		8D2676C92A73650400F4E6BC /* .gitignore */ = {isa = PBXFileReference; fileEncoding = 4; lastKnownFileType = text; path = .gitignore; sourceTree = "<group>"; };
/* End PBXFileReference section */

/* Begin PBXFrameworksBuildPhase section */
		4C30EEC12A73625900D91D59 /* Frameworks */ = {
			isa = PBXFrameworksBuildPhase;
			buildActionMask = 2147483647;
			files = (
			);
			runOnlyForDeploymentPostprocessing = 0;
		};
/* End PBXFrameworksBuildPhase section */

/* Begin PBXGroup section */
		4C002F122A7756FD00DB9844 /* Helper */ = {
			isa = PBXGroup;
			children = (
				4C002F142A77571600DB9844 /* ImageClassification.swift */,
				4C002F192A7757E500DB9844 /* CGImagePropertyOrientation+UIImageOrientation.swift */,
			);
			path = Helper;
			sourceTree = "<group>";
		};
		4C002F132A77570400DB9844 /* View */ = {
			isa = PBXGroup;
			children = (
				4C002F102A77554200DB9844 /* CameraView.swift */,
			);
			path = View;
			sourceTree = "<group>";
		};
		4C002F162A77572A00DB9844 /* Model */ = {
			isa = PBXGroup;
			children = (
				4C765CF72A7CAC28003E9748 /* best.mlpackage */,
				4C002F172A77575400DB9844 /* FoodClassifier.mlmodel */,
			);
			path = Model;
			sourceTree = "<group>";
		};
		4C30EEBB2A73625900D91D59 = {
			isa = PBXGroup;
			children = (
				8D2676C92A73650400F4E6BC /* .gitignore */,
				4C30EEC62A73625900D91D59 /* NutriCam */,
				4C30EEC52A73625900D91D59 /* Products */,
			);
			sourceTree = "<group>";
		};
		4C30EEC52A73625900D91D59 /* Products */ = {
			isa = PBXGroup;
			children = (
				4C30EEC42A73625900D91D59 /* NutriCam.app */,
			);
			name = Products;
			sourceTree = "<group>";
		};
		4C30EEC62A73625900D91D59 /* NutriCam */ = {
			isa = PBXGroup;
			children = (
				4C002F162A77572A00DB9844 /* Model */,
				4C002F132A77570400DB9844 /* View */,
				4C002F122A7756FD00DB9844 /* Helper */,
				4C30EEC72A73625900D91D59 /* NutriCamApp.swift */,
				4C30EEC92A73625900D91D59 /* ContentView.swift */,
				4C30EECB2A73625B00D91D59 /* Assets.xcassets */,
				4C30EECD2A73625B00D91D59 /* Preview Content */,
			);
			path = NutriCam;
			sourceTree = "<group>";
		};
		4C30EECD2A73625B00D91D59 /* Preview Content */ = {
			isa = PBXGroup;
			children = (
				4C30EECE2A73625B00D91D59 /* Preview Assets.xcassets */,
			);
			path = "Preview Content";
			sourceTree = "<group>";
		};
/* End PBXGroup section */

/* Begin PBXNativeTarget section */
		4C30EEC32A73625900D91D59 /* NutriCam */ = {
			isa = PBXNativeTarget;
			buildConfigurationList = 4C30EED22A73625B00D91D59 /* Build configuration list for PBXNativeTarget "NutriCam" */;
			buildPhases = (
				4C30EEC02A73625900D91D59 /* Sources */,
				4C30EEC12A73625900D91D59 /* Frameworks */,
				4C30EEC22A73625900D91D59 /* Resources */,
			);
			buildRules = (
			);
			dependencies = (
			);
			name = NutriCam;
			productName = NutriCam;
			productReference = 4C30EEC42A73625900D91D59 /* NutriCam.app */;
			productType = "com.apple.product-type.application";
		};
/* End PBXNativeTarget section */

/* Begin PBXProject section */
		4C30EEBC2A73625900D91D59 /* Project object */ = {
			isa = PBXProject;
			attributes = {
				BuildIndependentTargetsInParallel = 1;
				LastSwiftUpdateCheck = 1430;
				LastUpgradeCheck = 1430;
				TargetAttributes = {
					4C30EEC32A73625900D91D59 = {
						CreatedOnToolsVersion = 14.3.1;
					};
				};
			};
			buildConfigurationList = 4C30EEBF2A73625900D91D59 /* Build configuration list for PBXProject "NutriCam" */;
			compatibilityVersion = "Xcode 14.0";
			developmentRegion = en;
			hasScannedForEncodings = 0;
			knownRegions = (
				en,
				Base,
			);
			mainGroup = 4C30EEBB2A73625900D91D59;
			productRefGroup = 4C30EEC52A73625900D91D59 /* Products */;
			projectDirPath = "";
			projectRoot = "";
			targets = (
				4C30EEC32A73625900D91D59 /* NutriCam */,
			);
		};
/* End PBXProject section */

/* Begin PBXResourcesBuildPhase section */
		4C30EEC22A73625900D91D59 /* Resources */ = {
			isa = PBXResourcesBuildPhase;
			buildActionMask = 2147483647;
			files = (
				4C30EECF2A73625B00D91D59 /* Preview Assets.xcassets in Resources */,
				8D2676CA2A73650400F4E6BC /* .gitignore in Resources */,
				4C30EECC2A73625B00D91D59 /* Assets.xcassets in Resources */,
			);
			runOnlyForDeploymentPostprocessing = 0;
		};
/* End PBXResourcesBuildPhase section */

/* Begin PBXSourcesBuildPhase section */
		4C30EEC02A73625900D91D59 /* Sources */ = {
			isa = PBXSourcesBuildPhase;
			buildActionMask = 2147483647;
			files = (
				4C002F112A77554200DB9844 /* CameraView.swift in Sources */,
				4C30EECA2A73625900D91D59 /* ContentView.swift in Sources */,
				4C002F182A77575400DB9844 /* FoodClassifier.mlmodel in Sources */,
				4C765CF82A7CAC28003E9748 /* best.mlpackage in Sources */,
				4C30EEC82A73625900D91D59 /* NutriCamApp.swift in Sources */,
				4C002F1A2A7757E500DB9844 /* CGImagePropertyOrientation+UIImageOrientation.swift in Sources */,
				4C002F152A77571600DB9844 /* ImageClassification.swift in Sources */,
			);
			runOnlyForDeploymentPostprocessing = 0;
		};
/* End PBXSourcesBuildPhase section */

/* Begin XCBuildConfiguration section */
		4C30EED02A73625B00D91D59 /* Debug */ = {
			isa = XCBuildConfiguration;
			buildSettings = {
				ALWAYS_SEARCH_USER_PATHS = NO;
				CLANG_ANALYZER_NONNULL = YES;
				CLANG_ANALYZER_NUMBER_OBJECT_CONVERSION = YES_AGGRESSIVE;
				CLANG_CXX_LANGUAGE_STANDARD = "gnu++20";
				CLANG_ENABLE_MODULES = YES;
				CLANG_ENABLE_OBJC_ARC = YES;
				CLANG_ENABLE_OBJC_WEAK = YES;
				CLANG_WARN_BLOCK_CAPTURE_AUTORELEASING = YES;
				CLANG_WARN_BOOL_CONVERSION = YES;
				CLANG_WARN_COMMA = YES;
				CLANG_WARN_CONSTANT_CONVERSION = YES;
				CLANG_WARN_DEPRECATED_OBJC_IMPLEMENTATIONS = YES;
				CLANG_WARN_DIRECT_OBJC_ISA_USAGE = YES_ERROR;
				CLANG_WARN_DOCUMENTATION_COMMENTS = YES;
				CLANG_WARN_EMPTY_BODY = YES;
				CLANG_WARN_ENUM_CONVERSION = YES;
				CLANG_WARN_INFINITE_RECURSION = YES;
				CLANG_WARN_INT_CONVERSION = YES;
				CLANG_WARN_NON_LITERAL_NULL_CONVERSION = YES;
				CLANG_WARN_OBJC_IMPLICIT_RETAIN_SELF = YES;
				CLANG_WARN_OBJC_LITERAL_CONVERSION = YES;
				CLANG_WARN_OBJC_ROOT_CLASS = YES_ERROR;
				CLANG_WARN_QUOTED_INCLUDE_IN_FRAMEWORK_HEADER = YES;
				CLANG_WARN_RANGE_LOOP_ANALYSIS = YES;
				CLANG_WARN_STRICT_PROTOTYPES = YES;
				CLANG_WARN_SUSPICIOUS_MOVE = YES;
				CLANG_WARN_UNGUARDED_AVAILABILITY = YES_AGGRESSIVE;
				CLANG_WARN_UNREACHABLE_CODE = YES;
				CLANG_WARN__DUPLICATE_METHOD_MATCH = YES;
				COPY_PHASE_STRIP = NO;
				DEBUG_INFORMATION_FORMAT = dwarf;
				ENABLE_STRICT_OBJC_MSGSEND = YES;
				ENABLE_TESTABILITY = YES;
				GCC_C_LANGUAGE_STANDARD = gnu11;
				GCC_DYNAMIC_NO_PIC = NO;
				GCC_NO_COMMON_BLOCKS = YES;
				GCC_OPTIMIZATION_LEVEL = 0;
				GCC_PREPROCESSOR_DEFINITIONS = (
					"DEBUG=1",
					"$(inherited)",
				);
				GCC_WARN_64_TO_32_BIT_CONVERSION = YES;
				GCC_WARN_ABOUT_RETURN_TYPE = YES_ERROR;
				GCC_WARN_UNDECLARED_SELECTOR = YES;
				GCC_WARN_UNINITIALIZED_AUTOS = YES_AGGRESSIVE;
				GCC_WARN_UNUSED_FUNCTION = YES;
				GCC_WARN_UNUSED_VARIABLE = YES;
				IPHONEOS_DEPLOYMENT_TARGET = 16.4;
				MTL_ENABLE_DEBUG_INFO = INCLUDE_SOURCE;
				MTL_FAST_MATH = YES;
				ONLY_ACTIVE_ARCH = YES;
				SDKROOT = iphoneos;
				SWIFT_ACTIVE_COMPILATION_CONDITIONS = DEBUG;
				SWIFT_OPTIMIZATION_LEVEL = "-Onone";
			};
			name = Debug;
		};
		4C30EED12A73625B00D91D59 /* Release */ = {
			isa = XCBuildConfiguration;
			buildSettings = {
				ALWAYS_SEARCH_USER_PATHS = NO;
				CLANG_ANALYZER_NONNULL = YES;
				CLANG_ANALYZER_NUMBER_OBJECT_CONVERSION = YES_AGGRESSIVE;
				CLANG_CXX_LANGUAGE_STANDARD = "gnu++20";
				CLANG_ENABLE_MODULES = YES;
				CLANG_ENABLE_OBJC_ARC = YES;
				CLANG_ENABLE_OBJC_WEAK = YES;
				CLANG_WARN_BLOCK_CAPTURE_AUTORELEASING = YES;
				CLANG_WARN_BOOL_CONVERSION = YES;
				CLANG_WARN_COMMA = YES;
				CLANG_WARN_CONSTANT_CONVERSION = YES;
				CLANG_WARN_DEPRECATED_OBJC_IMPLEMENTATIONS = YES;
				CLANG_WARN_DIRECT_OBJC_ISA_USAGE = YES_ERROR;
				CLANG_WARN_DOCUMENTATION_COMMENTS = YES;
				CLANG_WARN_EMPTY_BODY = YES;
				CLANG_WARN_ENUM_CONVERSION = YES;
				CLANG_WARN_INFINITE_RECURSION = YES;
				CLANG_WARN_INT_CONVERSION = YES;
				CLANG_WARN_NON_LITERAL_NULL_CONVERSION = YES;
				CLANG_WARN_OBJC_IMPLICIT_RETAIN_SELF = YES;
				CLANG_WARN_OBJC_LITERAL_CONVERSION = YES;
				CLANG_WARN_OBJC_ROOT_CLASS = YES_ERROR;
				CLANG_WARN_QUOTED_INCLUDE_IN_FRAMEWORK_HEADER = YES;
				CLANG_WARN_RANGE_LOOP_ANALYSIS = YES;
				CLANG_WARN_STRICT_PROTOTYPES = YES;
				CLANG_WARN_SUSPICIOUS_MOVE = YES;
				CLANG_WARN_UNGUARDED_AVAILABILITY = YES_AGGRESSIVE;
				CLANG_WARN_UNREACHABLE_CODE = YES;
				CLANG_WARN__DUPLICATE_METHOD_MATCH = YES;
				COPY_PHASE_STRIP = NO;
				DEBUG_INFORMATION_FORMAT = "dwarf-with-dsym";
				ENABLE_NS_ASSERTIONS = NO;
				ENABLE_STRICT_OBJC_MSGSEND = YES;
				GCC_C_LANGUAGE_STANDARD = gnu11;
				GCC_NO_COMMON_BLOCKS = YES;
				GCC_WARN_64_TO_32_BIT_CONVERSION = YES;
				GCC_WARN_ABOUT_RETURN_TYPE = YES_ERROR;
				GCC_WARN_UNDECLARED_SELECTOR = YES;
				GCC_WARN_UNINITIALIZED_AUTOS = YES_AGGRESSIVE;
				GCC_WARN_UNUSED_FUNCTION = YES;
				GCC_WARN_UNUSED_VARIABLE = YES;
				IPHONEOS_DEPLOYMENT_TARGET = 16.4;
				MTL_ENABLE_DEBUG_INFO = NO;
				MTL_FAST_MATH = YES;
				SDKROOT = iphoneos;
				SWIFT_COMPILATION_MODE = wholemodule;
				SWIFT_OPTIMIZATION_LEVEL = "-O";
				VALIDATE_PRODUCT = YES;
			};
			name = Release;
		};
		4C30EED32A73625B00D91D59 /* Debug */ = {
			isa = XCBuildConfiguration;
			buildSettings = {
				ASSETCATALOG_COMPILER_APPICON_NAME = AppIcon;
				ASSETCATALOG_COMPILER_GLOBAL_ACCENT_COLOR_NAME = AccentColor;
				CODE_SIGN_STYLE = Automatic;
				CURRENT_PROJECT_VERSION = 1;
				DEVELOPMENT_ASSET_PATHS = "\"NutriCam/Preview Content\"";
				DEVELOPMENT_TEAM = 594Q84397D;
				ENABLE_PREVIEWS = YES;
				GENERATE_INFOPLIST_FILE = YES;
				INFOPLIST_KEY_NSCameraUsageDescription = "Takes pictures to demonstrate image recognition.";
				INFOPLIST_KEY_UIApplicationSceneManifest_Generation = YES;
				INFOPLIST_KEY_UIApplicationSupportsIndirectInputEvents = YES;
				INFOPLIST_KEY_UILaunchScreen_Generation = YES;
				INFOPLIST_KEY_UISupportedInterfaceOrientations = UIInterfaceOrientationPortrait;
				INFOPLIST_KEY_UISupportedInterfaceOrientations_iPad = "UIInterfaceOrientationLandscapeLeft UIInterfaceOrientationLandscapeRight UIInterfaceOrientationPortrait UIInterfaceOrientationPortraitUpsideDown";
				LD_RUNPATH_SEARCH_PATHS = (
					"$(inherited)",
					"@executable_path/Frameworks",
				);
				MARKETING_VERSION = 1.0;
				PRODUCT_BUNDLE_IDENTIFIER = com.ada.NutriCam;
				PRODUCT_NAME = "$(TARGET_NAME)";
				SUPPORTED_PLATFORMS = "iphoneos iphonesimulator";
				SUPPORTS_MACCATALYST = NO;
				SUPPORTS_MAC_DESIGNED_FOR_IPHONE_IPAD = NO;
				SWIFT_EMIT_LOC_STRINGS = YES;
				SWIFT_VERSION = 5.0;
				TARGETED_DEVICE_FAMILY = 1;
			};
			name = Debug;
		};
		4C30EED42A73625B00D91D59 /* Release */ = {
			isa = XCBuildConfiguration;
			buildSettings = {
				ASSETCATALOG_COMPILER_APPICON_NAME = AppIcon;
				ASSETCATALOG_COMPILER_GLOBAL_ACCENT_COLOR_NAME = AccentColor;
				CODE_SIGN_STYLE = Automatic;
				CURRENT_PROJECT_VERSION = 1;
				DEVELOPMENT_ASSET_PATHS = "\"NutriCam/Preview Content\"";
				DEVELOPMENT_TEAM = 594Q84397D;
				ENABLE_PREVIEWS = YES;
				GENERATE_INFOPLIST_FILE = YES;
				INFOPLIST_KEY_NSCameraUsageDescription = "Takes pictures to demonstrate image recognition.";
				INFOPLIST_KEY_UIApplicationSceneManifest_Generation = YES;
				INFOPLIST_KEY_UIApplicationSupportsIndirectInputEvents = YES;
				INFOPLIST_KEY_UILaunchScreen_Generation = YES;
				INFOPLIST_KEY_UISupportedInterfaceOrientations = UIInterfaceOrientationPortrait;
				INFOPLIST_KEY_UISupportedInterfaceOrientations_iPad = "UIInterfaceOrientationLandscapeLeft UIInterfaceOrientationLandscapeRight UIInterfaceOrientationPortrait UIInterfaceOrientationPortraitUpsideDown";
				LD_RUNPATH_SEARCH_PATHS = (
					"$(inherited)",
					"@executable_path/Frameworks",
				);
				MARKETING_VERSION = 1.0;
				PRODUCT_BUNDLE_IDENTIFIER = com.ada.NutriCam;
				PRODUCT_NAME = "$(TARGET_NAME)";
				SUPPORTED_PLATFORMS = "iphoneos iphonesimulator";
				SUPPORTS_MACCATALYST = NO;
				SUPPORTS_MAC_DESIGNED_FOR_IPHONE_IPAD = NO;
				SWIFT_EMIT_LOC_STRINGS = YES;
				SWIFT_VERSION = 5.0;
				TARGETED_DEVICE_FAMILY = 1;
			};
			name = Release;
		};
/* End XCBuildConfiguration section */

/* Begin XCConfigurationList section */
		4C30EEBF2A73625900D91D59 /* Build configuration list for PBXProject "NutriCam" */ = {
			isa = XCConfigurationList;
			buildConfigurations = (
				4C30EED02A73625B00D91D59 /* Debug */,
				4C30EED12A73625B00D91D59 /* Release */,
			);
			defaultConfigurationIsVisible = 0;
			defaultConfigurationName = Release;
		};
		4C30EED22A73625B00D91D59 /* Build configuration list for PBXNativeTarget "NutriCam" */ = {
			isa = XCConfigurationList;
			buildConfigurations = (
				4C30EED32A73625B00D91D59 /* Debug */,
				4C30EED42A73625B00D91D59 /* Release */,
			);
			defaultConfigurationIsVisible = 0;
			defaultConfigurationName = Release;
		};
/* End XCConfigurationList section */
	};
	rootObject = 4C30EEBC2A73625900D91D59 /* Project object */;
}
