// !$*UTF8*$!
{
	archiveVersion = 1;
	classes = {
	};
	objectVersion = 56;
	objects = {

/* Begin PBXBuildFile section */
		4C002F152A77571600DB9844 /* ImageClassification.swift in Sources */ = {isa = PBXBuildFile; fileRef = 4C002F142A77571600DB9844 /* ImageClassification.swift */; };
		4C002F182A77575400DB9844 /* FoodClassifier.mlmodel in Sources */ = {isa = PBXBuildFile; fileRef = 4C002F172A77575400DB9844 /* FoodClassifier.mlmodel */; };
		4C002F1A2A7757E500DB9844 /* CGImagePropertyOrientation+UIImageOrientation.swift in Sources */ = {isa = PBXBuildFile; fileRef = 4C002F192A7757E500DB9844 /* CGImagePropertyOrientation+UIImageOrientation.swift */; };
		4C0120BA2A8098280044E1CA /* CustomCameraView.swift in Sources */ = {isa = PBXBuildFile; fileRef = 4C0120B92A8098280044E1CA /* CustomCameraView.swift */; };
		4C30EEC82A73625900D91D59 /* NutriCamApp.swift in Sources */ = {isa = PBXBuildFile; fileRef = 4C30EEC72A73625900D91D59 /* NutriCamApp.swift */; };
		4C30EECA2A73625900D91D59 /* ContentView.swift in Sources */ = {isa = PBXBuildFile; fileRef = 4C30EEC92A73625900D91D59 /* ContentView.swift */; };
		4C30EECC2A73625B00D91D59 /* Assets.xcassets in Resources */ = {isa = PBXBuildFile; fileRef = 4C30EECB2A73625B00D91D59 /* Assets.xcassets */; };
		4C30EECF2A73625B00D91D59 /* Preview Assets.xcassets in Resources */ = {isa = PBXBuildFile; fileRef = 4C30EECE2A73625B00D91D59 /* Preview Assets.xcassets */; };
		4C765CF82A7CAC28003E9748 /* best.mlpackage in Sources */ = {isa = PBXBuildFile; fileRef = 4C765CF72A7CAC28003E9748 /* best.mlpackage */; };
		8D2676CA2A73650400F4E6BC /* .gitignore in Resources */ = {isa = PBXBuildFile; fileRef = 8D2676C92A73650400F4E6BC /* .gitignore */; };
		8D2814532A75363E0077D7D3 /* WidgetKit.framework in Frameworks */ = {isa = PBXBuildFile; fileRef = 8D2814522A75363E0077D7D3 /* WidgetKit.framework */; };
		8D2814552A75363E0077D7D3 /* SwiftUI.framework in Frameworks */ = {isa = PBXBuildFile; fileRef = 8D2814542A75363E0077D7D3 /* SwiftUI.framework */; };
		8D2814582A75363E0077D7D3 /* NutriCamWidgetBundle.swift in Sources */ = {isa = PBXBuildFile; fileRef = 8D2814572A75363E0077D7D3 /* NutriCamWidgetBundle.swift */; };
		8D28145A2A75363E0077D7D3 /* NutriCamWidget.swift in Sources */ = {isa = PBXBuildFile; fileRef = 8D2814592A75363E0077D7D3 /* NutriCamWidget.swift */; };
		8D28145C2A75363F0077D7D3 /* Assets.xcassets in Resources */ = {isa = PBXBuildFile; fileRef = 8D28145B2A75363F0077D7D3 /* Assets.xcassets */; };
		8D2814602A75363F0077D7D3 /* NutriCamWidgetExtension.appex in Embed Foundation Extensions */ = {isa = PBXBuildFile; fileRef = 8D2814502A75363E0077D7D3 /* NutriCamWidgetExtension.appex */; settings = {ATTRIBUTES = (RemoveHeadersOnCopy, ); }; };
		8D4D648C2A7D103C002B6200 /* NutritionViewModel.swift in Sources */ = {isa = PBXBuildFile; fileRef = 8D4D648B2A7D103C002B6200 /* NutritionViewModel.swift */; };
		8D4D648F2A7D1053002B6200 /* NutriCamData.xcdatamodeld in Sources */ = {isa = PBXBuildFile; fileRef = 8D4D648D2A7D1053002B6200 /* NutriCamData.xcdatamodeld */; };
		8D4D64912A7D106C002B6200 /* NutritionView.swift in Sources */ = {isa = PBXBuildFile; fileRef = 8D4D64902A7D106C002B6200 /* NutritionView.swift */; };
		8D4D64932A7D10A5002B6200 /* ProfileViewModel.swift in Sources */ = {isa = PBXBuildFile; fileRef = 8D4D64922A7D10A5002B6200 /* ProfileViewModel.swift */; };
		8D4D64952A7D10AC002B6200 /* ProfileView.swift in Sources */ = {isa = PBXBuildFile; fileRef = 8D4D64942A7D10AC002B6200 /* ProfileView.swift */; };
		8D4D64972A7D10C7002B6200 /* StatisticsView.swift in Sources */ = {isa = PBXBuildFile; fileRef = 8D4D64962A7D10C7002B6200 /* StatisticsView.swift */; };
		8D4D64992A7D10CF002B6200 /* StatisticsViewModel.swift in Sources */ = {isa = PBXBuildFile; fileRef = 8D4D64982A7D10CF002B6200 /* StatisticsViewModel.swift */; };
		8D9320522A8134FA00C4D1B2 /* URL.swift in Sources */ = {isa = PBXBuildFile; fileRef = 8D9320512A8134FA00C4D1B2 /* URL.swift */; };
		8D9320532A81351000C4D1B2 /* URL.swift in Sources */ = {isa = PBXBuildFile; fileRef = 8D9320512A8134FA00C4D1B2 /* URL.swift */; };
		8D9320562A81366A00C4D1B2 /* Food.swift in Sources */ = {isa = PBXBuildFile; fileRef = 8DC758842A7E587A001E98BE /* Food.swift */; };
		8D9320572A81368700C4D1B2 /* APIKey.swift in Sources */ = {isa = PBXBuildFile; fileRef = 8DC758822A7E585B001E98BE /* APIKey.swift */; };
		8D9320602A81481300C4D1B2 /* PersistenceController.swift in Sources */ = {isa = PBXBuildFile; fileRef = 8D93205F2A81481300C4D1B2 /* PersistenceController.swift */; };
		8D9320612A81481300C4D1B2 /* PersistenceController.swift in Sources */ = {isa = PBXBuildFile; fileRef = 8D93205F2A81481300C4D1B2 /* PersistenceController.swift */; };
		8D9320672A821B7100C4D1B2 /* OnBoardingFirstView.swift in Sources */ = {isa = PBXBuildFile; fileRef = 8D9320662A821B7100C4D1B2 /* OnBoardingFirstView.swift */; };
		8D9320692A821B7C00C4D1B2 /* OnBoardingSecondView.swift in Sources */ = {isa = PBXBuildFile; fileRef = 8D9320682A821B7C00C4D1B2 /* OnBoardingSecondView.swift */; };
		8D93206B2A821B8600C4D1B2 /* OnBoardingThirdView.swift in Sources */ = {isa = PBXBuildFile; fileRef = 8D93206A2A821B8600C4D1B2 /* OnBoardingThirdView.swift */; };
		8DBCE8312A7FD91800053CE1 /* NutriCamData.xcdatamodeld in Sources */ = {isa = PBXBuildFile; fileRef = 8D4D648D2A7D1053002B6200 /* NutriCamData.xcdatamodeld */; };
		8DBCE8322A7FD92300053CE1 /* Nutrition.swift in Sources */ = {isa = PBXBuildFile; fileRef = 8DC758922A7FAC90001E98BE /* Nutrition.swift */; };
		8DBCE8382A7FD95F00053CE1 /* SmallSizeView.swift in Sources */ = {isa = PBXBuildFile; fileRef = 8DBCE8362A7FD95F00053CE1 /* SmallSizeView.swift */; };
		8DBCE83B2A7FD96600053CE1 /* MediumSizeView.swift in Sources */ = {isa = PBXBuildFile; fileRef = 8DBCE8392A7FD96600053CE1 /* MediumSizeView.swift */; };
		8DBCE83C2A7FDB1300053CE1 /* CircularProgressView.swift in Sources */ = {isa = PBXBuildFile; fileRef = 8DC758762A7E2A5B001E98BE /* CircularProgressView.swift */; };
		8DBCE83E2A7FDC2800053CE1 /* Date.swift in Sources */ = {isa = PBXBuildFile; fileRef = 8DBCE83D2A7FDC2800053CE1 /* Date.swift */; };
		8DBCE83F2A7FDC2800053CE1 /* Date.swift in Sources */ = {isa = PBXBuildFile; fileRef = 8DBCE83D2A7FDC2800053CE1 /* Date.swift */; };
		8DC758752A7E06BC001E98BE /* AddMealCardView.swift in Sources */ = {isa = PBXBuildFile; fileRef = 8DC758742A7E06BC001E98BE /* AddMealCardView.swift */; };
		8DC758772A7E2A5B001E98BE /* CircularProgressView.swift in Sources */ = {isa = PBXBuildFile; fileRef = 8DC758762A7E2A5B001E98BE /* CircularProgressView.swift */; };
		8DC758792A7E3F6D001E98BE /* AddFoodCameraView.swift in Sources */ = {isa = PBXBuildFile; fileRef = 8DC758782A7E3F6D001E98BE /* AddFoodCameraView.swift */; };
		8DC7587B2A7E3FF9001E98BE /* SelectFoodView.swift in Sources */ = {isa = PBXBuildFile; fileRef = 8DC7587A2A7E3FF9001E98BE /* SelectFoodView.swift */; };
		8DC7587D2A7E4008001E98BE /* FoodNutritionResultView.swift in Sources */ = {isa = PBXBuildFile; fileRef = 8DC7587C2A7E4008001E98BE /* FoodNutritionResultView.swift */; };
		8DC758832A7E585B001E98BE /* APIKey.swift in Sources */ = {isa = PBXBuildFile; fileRef = 8DC758822A7E585B001E98BE /* APIKey.swift */; };
		8DC758852A7E587A001E98BE /* Food.swift in Sources */ = {isa = PBXBuildFile; fileRef = 8DC758842A7E587A001E98BE /* Food.swift */; };
		8DC758872A7EB37B001E98BE /* EditProfileView.swift in Sources */ = {isa = PBXBuildFile; fileRef = 8DC758862A7EB37B001E98BE /* EditProfileView.swift */; };
		8DC758892A7EB78A001E98BE /* OnBoardingView.swift in Sources */ = {isa = PBXBuildFile; fileRef = 8DC758882A7EB78A001E98BE /* OnBoardingView.swift */; };
		8DC7588B2A7EB81C001E98BE /* OnBoardingViewModel.swift in Sources */ = {isa = PBXBuildFile; fileRef = 8DC7588A2A7EB81C001E98BE /* OnBoardingViewModel.swift */; };
		8DC7588F2A7EB875001E98BE /* OnBoardingProfileView.swift in Sources */ = {isa = PBXBuildFile; fileRef = 8DC7588E2A7EB875001E98BE /* OnBoardingProfileView.swift */; };
		8DC758912A7EB87F001E98BE /* OnBoardingNutritionView.swift in Sources */ = {isa = PBXBuildFile; fileRef = 8DC758902A7EB87F001E98BE /* OnBoardingNutritionView.swift */; };
		8DC758932A7FAC90001E98BE /* Nutrition.swift in Sources */ = {isa = PBXBuildFile; fileRef = 8DC758922A7FAC90001E98BE /* Nutrition.swift */; };
/* End PBXBuildFile section */

/* Begin PBXContainerItemProxy section */
		8D28145E2A75363F0077D7D3 /* PBXContainerItemProxy */ = {
			isa = PBXContainerItemProxy;
			containerPortal = 4C30EEBC2A73625900D91D59 /* Project object */;
			proxyType = 1;
			remoteGlobalIDString = 8D28144F2A75363E0077D7D3;
			remoteInfo = NutriCamWidgetExtension;
		};
/* End PBXContainerItemProxy section */

/* Begin PBXCopyFilesBuildPhase section */
		8D2814612A75363F0077D7D3 /* Embed Foundation Extensions */ = {
			isa = PBXCopyFilesBuildPhase;
			buildActionMask = 2147483647;
			dstPath = "";
			dstSubfolderSpec = 13;
			files = (
				8D2814602A75363F0077D7D3 /* NutriCamWidgetExtension.appex in Embed Foundation Extensions */,
			);
			name = "Embed Foundation Extensions";
			runOnlyForDeploymentPostprocessing = 0;
		};
/* End PBXCopyFilesBuildPhase section */

/* Begin PBXFileReference section */
		4C002F142A77571600DB9844 /* ImageClassification.swift */ = {isa = PBXFileReference; lastKnownFileType = sourcecode.swift; path = ImageClassification.swift; sourceTree = "<group>"; };
		4C002F172A77575400DB9844 /* FoodClassifier.mlmodel */ = {isa = PBXFileReference; lastKnownFileType = file.mlmodel; path = FoodClassifier.mlmodel; sourceTree = "<group>"; };
		4C002F192A7757E500DB9844 /* CGImagePropertyOrientation+UIImageOrientation.swift */ = {isa = PBXFileReference; lastKnownFileType = sourcecode.swift; path = "CGImagePropertyOrientation+UIImageOrientation.swift"; sourceTree = "<group>"; };
		4C0120B92A8098280044E1CA /* CustomCameraView.swift */ = {isa = PBXFileReference; lastKnownFileType = sourcecode.swift; path = CustomCameraView.swift; sourceTree = "<group>"; };
		4C30EEC42A73625900D91D59 /* NutriCam.app */ = {isa = PBXFileReference; explicitFileType = wrapper.application; includeInIndex = 0; path = NutriCam.app; sourceTree = BUILT_PRODUCTS_DIR; };
		4C30EEC72A73625900D91D59 /* NutriCamApp.swift */ = {isa = PBXFileReference; lastKnownFileType = sourcecode.swift; path = NutriCamApp.swift; sourceTree = "<group>"; };
		4C30EEC92A73625900D91D59 /* ContentView.swift */ = {isa = PBXFileReference; lastKnownFileType = sourcecode.swift; path = ContentView.swift; sourceTree = "<group>"; };
		4C30EECB2A73625B00D91D59 /* Assets.xcassets */ = {isa = PBXFileReference; lastKnownFileType = folder.assetcatalog; path = Assets.xcassets; sourceTree = "<group>"; };
		4C30EECE2A73625B00D91D59 /* Preview Assets.xcassets */ = {isa = PBXFileReference; lastKnownFileType = folder.assetcatalog; path = "Preview Assets.xcassets"; sourceTree = "<group>"; };
		4C765CF72A7CAC28003E9748 /* best.mlpackage */ = {isa = PBXFileReference; lastKnownFileType = folder.mlpackage; name = best.mlpackage; path = Model/best.mlpackage; sourceTree = "<group>"; };
		8D2676C92A73650400F4E6BC /* .gitignore */ = {isa = PBXFileReference; fileEncoding = 4; lastKnownFileType = text; path = .gitignore; sourceTree = "<group>"; };
		8D2814502A75363E0077D7D3 /* NutriCamWidgetExtension.appex */ = {isa = PBXFileReference; explicitFileType = "wrapper.app-extension"; includeInIndex = 0; path = NutriCamWidgetExtension.appex; sourceTree = BUILT_PRODUCTS_DIR; };
		8D2814522A75363E0077D7D3 /* WidgetKit.framework */ = {isa = PBXFileReference; lastKnownFileType = wrapper.framework; name = WidgetKit.framework; path = System/Library/Frameworks/WidgetKit.framework; sourceTree = SDKROOT; };
		8D2814542A75363E0077D7D3 /* SwiftUI.framework */ = {isa = PBXFileReference; lastKnownFileType = wrapper.framework; name = SwiftUI.framework; path = System/Library/Frameworks/SwiftUI.framework; sourceTree = SDKROOT; };
		8D2814572A75363E0077D7D3 /* NutriCamWidgetBundle.swift */ = {isa = PBXFileReference; lastKnownFileType = sourcecode.swift; path = NutriCamWidgetBundle.swift; sourceTree = "<group>"; };
		8D2814592A75363E0077D7D3 /* NutriCamWidget.swift */ = {isa = PBXFileReference; lastKnownFileType = sourcecode.swift; path = NutriCamWidget.swift; sourceTree = "<group>"; };
		8D28145B2A75363F0077D7D3 /* Assets.xcassets */ = {isa = PBXFileReference; lastKnownFileType = folder.assetcatalog; path = Assets.xcassets; sourceTree = "<group>"; };
		8D28145D2A75363F0077D7D3 /* Info.plist */ = {isa = PBXFileReference; lastKnownFileType = text.plist.xml; path = Info.plist; sourceTree = "<group>"; };
		8D2814652A7536730077D7D3 /* NutriCam.entitlements */ = {isa = PBXFileReference; lastKnownFileType = text.plist.entitlements; path = NutriCam.entitlements; sourceTree = "<group>"; };
		8D2814662A75368D0077D7D3 /* Info.plist */ = {isa = PBXFileReference; lastKnownFileType = text.plist; path = Info.plist; sourceTree = "<group>"; };
		8D4D648B2A7D103C002B6200 /* NutritionViewModel.swift */ = {isa = PBXFileReference; lastKnownFileType = sourcecode.swift; path = NutritionViewModel.swift; sourceTree = "<group>"; };
		8D4D648E2A7D1053002B6200 /* NutriCamData.xcdatamodel */ = {isa = PBXFileReference; lastKnownFileType = wrapper.xcdatamodel; path = NutriCamData.xcdatamodel; sourceTree = "<group>"; };
		8D4D64902A7D106C002B6200 /* NutritionView.swift */ = {isa = PBXFileReference; lastKnownFileType = sourcecode.swift; path = NutritionView.swift; sourceTree = "<group>"; };
		8D4D64922A7D10A5002B6200 /* ProfileViewModel.swift */ = {isa = PBXFileReference; lastKnownFileType = sourcecode.swift; path = ProfileViewModel.swift; sourceTree = "<group>"; };
		8D4D64942A7D10AC002B6200 /* ProfileView.swift */ = {isa = PBXFileReference; lastKnownFileType = sourcecode.swift; path = ProfileView.swift; sourceTree = "<group>"; };
		8D4D64962A7D10C7002B6200 /* StatisticsView.swift */ = {isa = PBXFileReference; lastKnownFileType = sourcecode.swift; path = StatisticsView.swift; sourceTree = "<group>"; };
		8D4D64982A7D10CF002B6200 /* StatisticsViewModel.swift */ = {isa = PBXFileReference; lastKnownFileType = sourcecode.swift; path = StatisticsViewModel.swift; sourceTree = "<group>"; };
		8D9320512A8134FA00C4D1B2 /* URL.swift */ = {isa = PBXFileReference; lastKnownFileType = sourcecode.swift; path = URL.swift; sourceTree = "<group>"; };
		8D9320582A81382200C4D1B2 /* NutriCamWidgetExtension.entitlements */ = {isa = PBXFileReference; lastKnownFileType = text.plist.entitlements; path = NutriCamWidgetExtension.entitlements; sourceTree = "<group>"; };
		8D93205F2A81481300C4D1B2 /* PersistenceController.swift */ = {isa = PBXFileReference; lastKnownFileType = sourcecode.swift; path = PersistenceController.swift; sourceTree = "<group>"; };
		8D9320662A821B7100C4D1B2 /* OnBoardingFirstView.swift */ = {isa = PBXFileReference; lastKnownFileType = sourcecode.swift; path = OnBoardingFirstView.swift; sourceTree = "<group>"; };
		8D9320682A821B7C00C4D1B2 /* OnBoardingSecondView.swift */ = {isa = PBXFileReference; lastKnownFileType = sourcecode.swift; path = OnBoardingSecondView.swift; sourceTree = "<group>"; };
		8D93206A2A821B8600C4D1B2 /* OnBoardingThirdView.swift */ = {isa = PBXFileReference; lastKnownFileType = sourcecode.swift; path = OnBoardingThirdView.swift; sourceTree = "<group>"; };
		8DBCE8362A7FD95F00053CE1 /* SmallSizeView.swift */ = {isa = PBXFileReference; lastKnownFileType = sourcecode.swift; path = SmallSizeView.swift; sourceTree = "<group>"; };
		8DBCE8392A7FD96600053CE1 /* MediumSizeView.swift */ = {isa = PBXFileReference; lastKnownFileType = sourcecode.swift; path = MediumSizeView.swift; sourceTree = "<group>"; };
		8DBCE83D2A7FDC2800053CE1 /* Date.swift */ = {isa = PBXFileReference; lastKnownFileType = sourcecode.swift; path = Date.swift; sourceTree = "<group>"; };
		8DC758742A7E06BC001E98BE /* AddMealCardView.swift */ = {isa = PBXFileReference; lastKnownFileType = sourcecode.swift; path = AddMealCardView.swift; sourceTree = "<group>"; };
		8DC758762A7E2A5B001E98BE /* CircularProgressView.swift */ = {isa = PBXFileReference; lastKnownFileType = sourcecode.swift; path = CircularProgressView.swift; sourceTree = "<group>"; };
		8DC758782A7E3F6D001E98BE /* AddFoodCameraView.swift */ = {isa = PBXFileReference; lastKnownFileType = sourcecode.swift; path = AddFoodCameraView.swift; sourceTree = "<group>"; };
		8DC7587A2A7E3FF9001E98BE /* SelectFoodView.swift */ = {isa = PBXFileReference; lastKnownFileType = sourcecode.swift; path = SelectFoodView.swift; sourceTree = "<group>"; };
		8DC7587C2A7E4008001E98BE /* FoodNutritionResultView.swift */ = {isa = PBXFileReference; lastKnownFileType = sourcecode.swift; path = FoodNutritionResultView.swift; sourceTree = "<group>"; };
		8DC758822A7E585B001E98BE /* APIKey.swift */ = {isa = PBXFileReference; lastKnownFileType = sourcecode.swift; path = APIKey.swift; sourceTree = "<group>"; };
		8DC758842A7E587A001E98BE /* Food.swift */ = {isa = PBXFileReference; lastKnownFileType = sourcecode.swift; path = Food.swift; sourceTree = "<group>"; };
		8DC758862A7EB37B001E98BE /* EditProfileView.swift */ = {isa = PBXFileReference; lastKnownFileType = sourcecode.swift; path = EditProfileView.swift; sourceTree = "<group>"; };
		8DC758882A7EB78A001E98BE /* OnBoardingView.swift */ = {isa = PBXFileReference; lastKnownFileType = sourcecode.swift; path = OnBoardingView.swift; sourceTree = "<group>"; };
		8DC7588A2A7EB81C001E98BE /* OnBoardingViewModel.swift */ = {isa = PBXFileReference; lastKnownFileType = sourcecode.swift; path = OnBoardingViewModel.swift; sourceTree = "<group>"; };
		8DC7588E2A7EB875001E98BE /* OnBoardingProfileView.swift */ = {isa = PBXFileReference; lastKnownFileType = sourcecode.swift; path = OnBoardingProfileView.swift; sourceTree = "<group>"; };
		8DC758902A7EB87F001E98BE /* OnBoardingNutritionView.swift */ = {isa = PBXFileReference; lastKnownFileType = sourcecode.swift; path = OnBoardingNutritionView.swift; sourceTree = "<group>"; };
		8DC758922A7FAC90001E98BE /* Nutrition.swift */ = {isa = PBXFileReference; lastKnownFileType = sourcecode.swift; path = Nutrition.swift; sourceTree = "<group>"; };
/* End PBXFileReference section */

/* Begin PBXFrameworksBuildPhase section */
		4C30EEC12A73625900D91D59 /* Frameworks */ = {
			isa = PBXFrameworksBuildPhase;
			buildActionMask = 2147483647;
			files = (
			);
			runOnlyForDeploymentPostprocessing = 0;
		};
		8D28144D2A75363E0077D7D3 /* Frameworks */ = {
			isa = PBXFrameworksBuildPhase;
			buildActionMask = 2147483647;
			files = (
				8D2814552A75363E0077D7D3 /* SwiftUI.framework in Frameworks */,
				8D2814532A75363E0077D7D3 /* WidgetKit.framework in Frameworks */,
			);
			runOnlyForDeploymentPostprocessing = 0;
		};
/* End PBXFrameworksBuildPhase section */

/* Begin PBXGroup section */
		4C30EEBB2A73625900D91D59 = {
			isa = PBXGroup;
			children = (
				8D2676C92A73650400F4E6BC /* .gitignore */,
				4C30EEC62A73625900D91D59 /* NutriCam */,
				8D2814562A75363E0077D7D3 /* NutriCamWidget */,
				8D2814512A75363E0077D7D3 /* Frameworks */,
				4C30EEC52A73625900D91D59 /* Products */,
			);
			sourceTree = "<group>";
		};
		4C30EEC52A73625900D91D59 /* Products */ = {
			isa = PBXGroup;
			children = (
				4C30EEC42A73625900D91D59 /* NutriCam.app */,
				8D2814502A75363E0077D7D3 /* NutriCamWidgetExtension.appex */,
			);
			name = Products;
			sourceTree = "<group>";
		};
		4C30EEC62A73625900D91D59 /* NutriCam */ = {
			isa = PBXGroup;
			children = (
				4C765CF72A7CAC28003E9748 /* best.mlpackage */,
				4C002F172A77575400DB9844 /* FoodClassifier.mlmodel */,
				8DC758812A7E5854001E98BE /* Helper */,
				8D93205E2A81479B00C4D1B2 /* Data */,
				8D4D64882A7D100E002B6200 /* Model */,
				8D4D648A2A7D1018002B6200 /* ViewModel */,
				8D4D64892A7D1012002B6200 /* View */,
				8D2814662A75368D0077D7D3 /* Info.plist */,
				8D2814652A7536730077D7D3 /* NutriCam.entitlements */,
				8D9320582A81382200C4D1B2 /* NutriCamWidgetExtension.entitlements */,
				4C30EEC72A73625900D91D59 /* NutriCamApp.swift */,
				4C30EECB2A73625B00D91D59 /* Assets.xcassets */,
				4C30EECD2A73625B00D91D59 /* Preview Content */,
			);
			path = NutriCam;
			sourceTree = "<group>";
		};
		4C30EECD2A73625B00D91D59 /* Preview Content */ = {
			isa = PBXGroup;
			children = (
				4C30EECE2A73625B00D91D59 /* Preview Assets.xcassets */,
			);
			path = "Preview Content";
			sourceTree = "<group>";
		};
		8D2814512A75363E0077D7D3 /* Frameworks */ = {
			isa = PBXGroup;
			children = (
				8D2814522A75363E0077D7D3 /* WidgetKit.framework */,
				8D2814542A75363E0077D7D3 /* SwiftUI.framework */,
			);
			name = Frameworks;
			sourceTree = "<group>";
		};
		8D2814562A75363E0077D7D3 /* NutriCamWidget */ = {
			isa = PBXGroup;
			children = (
				8D2814572A75363E0077D7D3 /* NutriCamWidgetBundle.swift */,
				8D2814592A75363E0077D7D3 /* NutriCamWidget.swift */,
				8DBCE8362A7FD95F00053CE1 /* SmallSizeView.swift */,
				8DBCE8392A7FD96600053CE1 /* MediumSizeView.swift */,
				8D28145B2A75363F0077D7D3 /* Assets.xcassets */,
				8D28145D2A75363F0077D7D3 /* Info.plist */,
			);
			path = NutriCamWidget;
			sourceTree = "<group>";
		};
		8D4D64882A7D100E002B6200 /* Model */ = {
			isa = PBXGroup;
			children = (
				8DC758842A7E587A001E98BE /* Food.swift */,
				8DC758922A7FAC90001E98BE /* Nutrition.swift */,
			);
			path = Model;
			sourceTree = "<group>";
		};
		8D4D64892A7D1012002B6200 /* View */ = {
			isa = PBXGroup;
			children = (
				8DC758732A7E06A4001E98BE /* Components */,
				4C30EEC92A73625900D91D59 /* ContentView.swift */,
				8D4D64902A7D106C002B6200 /* NutritionView.swift */,
				8D4D64962A7D10C7002B6200 /* StatisticsView.swift */,
				8D4D64942A7D10AC002B6200 /* ProfileView.swift */,
				8DC758782A7E3F6D001E98BE /* AddFoodCameraView.swift */,
				8DC7587A2A7E3FF9001E98BE /* SelectFoodView.swift */,
				8DC7587C2A7E4008001E98BE /* FoodNutritionResultView.swift */,
				8DC758862A7EB37B001E98BE /* EditProfileView.swift */,
				8DC758882A7EB78A001E98BE /* OnBoardingView.swift */,
				8D9320662A821B7100C4D1B2 /* OnBoardingFirstView.swift */,
				8D9320682A821B7C00C4D1B2 /* OnBoardingSecondView.swift */,
				8D93206A2A821B8600C4D1B2 /* OnBoardingThirdView.swift */,
				8DC7588E2A7EB875001E98BE /* OnBoardingProfileView.swift */,
				8DC758902A7EB87F001E98BE /* OnBoardingNutritionView.swift */,
				4C0120B92A8098280044E1CA /* CustomCameraView.swift */,
			);
			path = View;
			sourceTree = "<group>";
		};
		8D4D648A2A7D1018002B6200 /* ViewModel */ = {
			isa = PBXGroup;
			children = (
				8D4D648B2A7D103C002B6200 /* NutritionViewModel.swift */,
				8D4D64982A7D10CF002B6200 /* StatisticsViewModel.swift */,
				8D4D64922A7D10A5002B6200 /* ProfileViewModel.swift */,
				8DC7588A2A7EB81C001E98BE /* OnBoardingViewModel.swift */,
			);
			path = ViewModel;
			sourceTree = "<group>";
		};
		8D93205E2A81479B00C4D1B2 /* Data */ = {
			isa = PBXGroup;
			children = (
				8D4D648D2A7D1053002B6200 /* NutriCamData.xcdatamodeld */,
				8D93205F2A81481300C4D1B2 /* PersistenceController.swift */,
			);
			path = Data;
			sourceTree = "<group>";
		};
		8DC758732A7E06A4001E98BE /* Components */ = {
			isa = PBXGroup;
			children = (
				8DC758742A7E06BC001E98BE /* AddMealCardView.swift */,
				8DC758762A7E2A5B001E98BE /* CircularProgressView.swift */,
			);
			path = Components;
			sourceTree = "<group>";
		};
		8DC758812A7E5854001E98BE /* Helper */ = {
			isa = PBXGroup;
			children = (
				4C002F142A77571600DB9844 /* ImageClassification.swift */,
				4C002F192A7757E500DB9844 /* CGImagePropertyOrientation+UIImageOrientation.swift */,
				8DC758822A7E585B001E98BE /* APIKey.swift */,
				8DBCE83D2A7FDC2800053CE1 /* Date.swift */,
				8D9320512A8134FA00C4D1B2 /* URL.swift */,
			);
			path = Helper;
			sourceTree = "<group>";
		};
/* End PBXGroup section */

/* Begin PBXNativeTarget section */
		4C30EEC32A73625900D91D59 /* NutriCam */ = {
			isa = PBXNativeTarget;
			buildConfigurationList = 4C30EED22A73625B00D91D59 /* Build configuration list for PBXNativeTarget "NutriCam" */;
			buildPhases = (
				4C30EEC02A73625900D91D59 /* Sources */,
				4C30EEC12A73625900D91D59 /* Frameworks */,
				4C30EEC22A73625900D91D59 /* Resources */,
				8D2814612A75363F0077D7D3 /* Embed Foundation Extensions */,
			);
			buildRules = (
			);
			dependencies = (
				8D28145F2A75363F0077D7D3 /* PBXTargetDependency */,
			);
			name = NutriCam;
			productName = NutriCam;
			productReference = 4C30EEC42A73625900D91D59 /* NutriCam.app */;
			productType = "com.apple.product-type.application";
		};
		8D28144F2A75363E0077D7D3 /* NutriCamWidgetExtension */ = {
			isa = PBXNativeTarget;
			buildConfigurationList = 8D2814642A75363F0077D7D3 /* Build configuration list for PBXNativeTarget "NutriCamWidgetExtension" */;
			buildPhases = (
				8D28144C2A75363E0077D7D3 /* Sources */,
				8D28144D2A75363E0077D7D3 /* Frameworks */,
				8D28144E2A75363E0077D7D3 /* Resources */,
			);
			buildRules = (
			);
			dependencies = (
			);
			name = NutriCamWidgetExtension;
			productName = NutriCamWidgetExtension;
			productReference = 8D2814502A75363E0077D7D3 /* NutriCamWidgetExtension.appex */;
			productType = "com.apple.product-type.app-extension";
		};
/* End PBXNativeTarget section */

/* Begin PBXProject section */
		4C30EEBC2A73625900D91D59 /* Project object */ = {
			isa = PBXProject;
			attributes = {
				BuildIndependentTargetsInParallel = 1;
				LastSwiftUpdateCheck = 1430;
				LastUpgradeCheck = 1430;
				TargetAttributes = {
					4C30EEC32A73625900D91D59 = {
						CreatedOnToolsVersion = 14.3.1;
					};
					8D28144F2A75363E0077D7D3 = {
						CreatedOnToolsVersion = 14.3.1;
					};
				};
			};
			buildConfigurationList = 4C30EEBF2A73625900D91D59 /* Build configuration list for PBXProject "NutriCam" */;
			compatibilityVersion = "Xcode 14.0";
			developmentRegion = en;
			hasScannedForEncodings = 0;
			knownRegions = (
				en,
				Base,
			);
			mainGroup = 4C30EEBB2A73625900D91D59;
			productRefGroup = 4C30EEC52A73625900D91D59 /* Products */;
			projectDirPath = "";
			projectRoot = "";
			targets = (
				4C30EEC32A73625900D91D59 /* NutriCam */,
				8D28144F2A75363E0077D7D3 /* NutriCamWidgetExtension */,
			);
		};
/* End PBXProject section */

/* Begin PBXResourcesBuildPhase section */
		4C30EEC22A73625900D91D59 /* Resources */ = {
			isa = PBXResourcesBuildPhase;
			buildActionMask = 2147483647;
			files = (
				4C30EECF2A73625B00D91D59 /* Preview Assets.xcassets in Resources */,
				8D2676CA2A73650400F4E6BC /* .gitignore in Resources */,
				4C30EECC2A73625B00D91D59 /* Assets.xcassets in Resources */,
			);
			runOnlyForDeploymentPostprocessing = 0;
		};
		8D28144E2A75363E0077D7D3 /* Resources */ = {
			isa = PBXResourcesBuildPhase;
			buildActionMask = 2147483647;
			files = (
				8D28145C2A75363F0077D7D3 /* Assets.xcassets in Resources */,
			);
			runOnlyForDeploymentPostprocessing = 0;
		};
/* End PBXResourcesBuildPhase section */

/* Begin PBXSourcesBuildPhase section */
		4C30EEC02A73625900D91D59 /* Sources */ = {
			isa = PBXSourcesBuildPhase;
			buildActionMask = 2147483647;
			files = (
				4C30EECA2A73625900D91D59 /* ContentView.swift in Sources */,
				4C002F182A77575400DB9844 /* FoodClassifier.mlmodel in Sources */,
				4C765CF82A7CAC28003E9748 /* best.mlpackage in Sources */,
				4C30EEC82A73625900D91D59 /* NutriCamApp.swift in Sources */,
				4C002F1A2A7757E500DB9844 /* CGImagePropertyOrientation+UIImageOrientation.swift in Sources */,
				4C002F152A77571600DB9844 /* ImageClassification.swift in Sources */,
				4C0120BA2A8098280044E1CA /* CustomCameraView.swift in Sources */,
				8D4D64932A7D10A5002B6200 /* ProfileViewModel.swift in Sources */,
				8DC758872A7EB37B001E98BE /* EditProfileView.swift in Sources */,
				8D9320672A821B7100C4D1B2 /* OnBoardingFirstView.swift in Sources */,
				8D4D648C2A7D103C002B6200 /* NutritionViewModel.swift in Sources */,
				8DC758892A7EB78A001E98BE /* OnBoardingView.swift in Sources */,
				8D9320522A8134FA00C4D1B2 /* URL.swift in Sources */,
				4C30EECA2A73625900D91D59 /* ContentView.swift in Sources */,
				8DC758792A7E3F6D001E98BE /* AddFoodCameraView.swift in Sources */,
				8D9320602A81481300C4D1B2 /* PersistenceController.swift in Sources */,
				8DC7588F2A7EB875001E98BE /* OnBoardingProfileView.swift in Sources */,
				8DC758832A7E585B001E98BE /* APIKey.swift in Sources */,
				8DC758752A7E06BC001E98BE /* AddMealCardView.swift in Sources */,
				8D4D648F2A7D1053002B6200 /* NutriCamData.xcdatamodeld in Sources */,
				8D9320692A821B7C00C4D1B2 /* OnBoardingSecondView.swift in Sources */,
				4C30EEC82A73625900D91D59 /* NutriCamApp.swift in Sources */,
				8D4D64972A7D10C7002B6200 /* StatisticsView.swift in Sources */,
				8DC758912A7EB87F001E98BE /* OnBoardingNutritionView.swift in Sources */,
				8DC758932A7FAC90001E98BE /* Nutrition.swift in Sources */,
				8D4D64952A7D10AC002B6200 /* ProfileView.swift in Sources */,
				8D4D64912A7D106C002B6200 /* NutritionView.swift in Sources */,
				8DC7587D2A7E4008001E98BE /* FoodNutritionResultView.swift in Sources */,
				8D4D64992A7D10CF002B6200 /* StatisticsViewModel.swift in Sources */,
				8DC758852A7E587A001E98BE /* Food.swift in Sources */,
				8DC7587B2A7E3FF9001E98BE /* SelectFoodView.swift in Sources */,
				8DC758772A7E2A5B001E98BE /* CircularProgressView.swift in Sources */,
				8D93206B2A821B8600C4D1B2 /* OnBoardingThirdView.swift in Sources */,
				8DBCE83E2A7FDC2800053CE1 /* Date.swift in Sources */,
				8DC7588B2A7EB81C001E98BE /* OnBoardingViewModel.swift in Sources */,
			);
			runOnlyForDeploymentPostprocessing = 0;
		};
		8D28144C2A75363E0077D7D3 /* Sources */ = {
			isa = PBXSourcesBuildPhase;
			buildActionMask = 2147483647;
			files = (
				8D28145A2A75363E0077D7D3 /* NutriCamWidget.swift in Sources */,
				8D2814582A75363E0077D7D3 /* NutriCamWidgetBundle.swift in Sources */,
				8DBCE83C2A7FDB1300053CE1 /* CircularProgressView.swift in Sources */,
				8D9320532A81351000C4D1B2 /* URL.swift in Sources */,
				8DBCE8382A7FD95F00053CE1 /* SmallSizeView.swift in Sources */,
				8DBCE8322A7FD92300053CE1 /* Nutrition.swift in Sources */,
				8D9320572A81368700C4D1B2 /* APIKey.swift in Sources */,
				8DBCE83B2A7FD96600053CE1 /* MediumSizeView.swift in Sources */,
				8D9320562A81366A00C4D1B2 /* Food.swift in Sources */,
				8DBCE83F2A7FDC2800053CE1 /* Date.swift in Sources */,
				8DBCE8312A7FD91800053CE1 /* NutriCamData.xcdatamodeld in Sources */,
				8D9320612A81481300C4D1B2 /* PersistenceController.swift in Sources */,
			);
			runOnlyForDeploymentPostprocessing = 0;
		};
/* End PBXSourcesBuildPhase section */

/* Begin PBXTargetDependency section */
		8D28145F2A75363F0077D7D3 /* PBXTargetDependency */ = {
			isa = PBXTargetDependency;
			target = 8D28144F2A75363E0077D7D3 /* NutriCamWidgetExtension */;
			targetProxy = 8D28145E2A75363F0077D7D3 /* PBXContainerItemProxy */;
		};
/* End PBXTargetDependency section */

/* Begin XCBuildConfiguration section */
		4C30EED02A73625B00D91D59 /* Debug */ = {
			isa = XCBuildConfiguration;
			buildSettings = {
				ALWAYS_SEARCH_USER_PATHS = NO;
				CLANG_ANALYZER_NONNULL = YES;
				CLANG_ANALYZER_NUMBER_OBJECT_CONVERSION = YES_AGGRESSIVE;
				CLANG_CXX_LANGUAGE_STANDARD = "gnu++20";
				CLANG_ENABLE_MODULES = YES;
				CLANG_ENABLE_OBJC_ARC = YES;
				CLANG_ENABLE_OBJC_WEAK = YES;
				CLANG_WARN_BLOCK_CAPTURE_AUTORELEASING = YES;
				CLANG_WARN_BOOL_CONVERSION = YES;
				CLANG_WARN_COMMA = YES;
				CLANG_WARN_CONSTANT_CONVERSION = YES;
				CLANG_WARN_DEPRECATED_OBJC_IMPLEMENTATIONS = YES;
				CLANG_WARN_DIRECT_OBJC_ISA_USAGE = YES_ERROR;
				CLANG_WARN_DOCUMENTATION_COMMENTS = YES;
				CLANG_WARN_EMPTY_BODY = YES;
				CLANG_WARN_ENUM_CONVERSION = YES;
				CLANG_WARN_INFINITE_RECURSION = YES;
				CLANG_WARN_INT_CONVERSION = YES;
				CLANG_WARN_NON_LITERAL_NULL_CONVERSION = YES;
				CLANG_WARN_OBJC_IMPLICIT_RETAIN_SELF = YES;
				CLANG_WARN_OBJC_LITERAL_CONVERSION = YES;
				CLANG_WARN_OBJC_ROOT_CLASS = YES_ERROR;
				CLANG_WARN_QUOTED_INCLUDE_IN_FRAMEWORK_HEADER = YES;
				CLANG_WARN_RANGE_LOOP_ANALYSIS = YES;
				CLANG_WARN_STRICT_PROTOTYPES = YES;
				CLANG_WARN_SUSPICIOUS_MOVE = YES;
				CLANG_WARN_UNGUARDED_AVAILABILITY = YES_AGGRESSIVE;
				CLANG_WARN_UNREACHABLE_CODE = YES;
				CLANG_WARN__DUPLICATE_METHOD_MATCH = YES;
				COPY_PHASE_STRIP = NO;
				DEBUG_INFORMATION_FORMAT = dwarf;
				ENABLE_STRICT_OBJC_MSGSEND = YES;
				ENABLE_TESTABILITY = YES;
				GCC_C_LANGUAGE_STANDARD = gnu11;
				GCC_DYNAMIC_NO_PIC = NO;
				GCC_NO_COMMON_BLOCKS = YES;
				GCC_OPTIMIZATION_LEVEL = 0;
				GCC_PREPROCESSOR_DEFINITIONS = (
					"DEBUG=1",
					"$(inherited)",
				);
				GCC_WARN_64_TO_32_BIT_CONVERSION = YES;
				GCC_WARN_ABOUT_RETURN_TYPE = YES_ERROR;
				GCC_WARN_UNDECLARED_SELECTOR = YES;
				GCC_WARN_UNINITIALIZED_AUTOS = YES_AGGRESSIVE;
				GCC_WARN_UNUSED_FUNCTION = YES;
				GCC_WARN_UNUSED_VARIABLE = YES;
				IPHONEOS_DEPLOYMENT_TARGET = 16.4;
				MTL_ENABLE_DEBUG_INFO = INCLUDE_SOURCE;
				MTL_FAST_MATH = YES;
				ONLY_ACTIVE_ARCH = YES;
				SDKROOT = iphoneos;
				SWIFT_ACTIVE_COMPILATION_CONDITIONS = DEBUG;
				SWIFT_OPTIMIZATION_LEVEL = "-Onone";
			};
			name = Debug;
		};
		4C30EED12A73625B00D91D59 /* Release */ = {
			isa = XCBuildConfiguration;
			buildSettings = {
				ALWAYS_SEARCH_USER_PATHS = NO;
				CLANG_ANALYZER_NONNULL = YES;
				CLANG_ANALYZER_NUMBER_OBJECT_CONVERSION = YES_AGGRESSIVE;
				CLANG_CXX_LANGUAGE_STANDARD = "gnu++20";
				CLANG_ENABLE_MODULES = YES;
				CLANG_ENABLE_OBJC_ARC = YES;
				CLANG_ENABLE_OBJC_WEAK = YES;
				CLANG_WARN_BLOCK_CAPTURE_AUTORELEASING = YES;
				CLANG_WARN_BOOL_CONVERSION = YES;
				CLANG_WARN_COMMA = YES;
				CLANG_WARN_CONSTANT_CONVERSION = YES;
				CLANG_WARN_DEPRECATED_OBJC_IMPLEMENTATIONS = YES;
				CLANG_WARN_DIRECT_OBJC_ISA_USAGE = YES_ERROR;
				CLANG_WARN_DOCUMENTATION_COMMENTS = YES;
				CLANG_WARN_EMPTY_BODY = YES;
				CLANG_WARN_ENUM_CONVERSION = YES;
				CLANG_WARN_INFINITE_RECURSION = YES;
				CLANG_WARN_INT_CONVERSION = YES;
				CLANG_WARN_NON_LITERAL_NULL_CONVERSION = YES;
				CLANG_WARN_OBJC_IMPLICIT_RETAIN_SELF = YES;
				CLANG_WARN_OBJC_LITERAL_CONVERSION = YES;
				CLANG_WARN_OBJC_ROOT_CLASS = YES_ERROR;
				CLANG_WARN_QUOTED_INCLUDE_IN_FRAMEWORK_HEADER = YES;
				CLANG_WARN_RANGE_LOOP_ANALYSIS = YES;
				CLANG_WARN_STRICT_PROTOTYPES = YES;
				CLANG_WARN_SUSPICIOUS_MOVE = YES;
				CLANG_WARN_UNGUARDED_AVAILABILITY = YES_AGGRESSIVE;
				CLANG_WARN_UNREACHABLE_CODE = YES;
				CLANG_WARN__DUPLICATE_METHOD_MATCH = YES;
				COPY_PHASE_STRIP = NO;
				DEBUG_INFORMATION_FORMAT = "dwarf-with-dsym";
				ENABLE_NS_ASSERTIONS = NO;
				ENABLE_STRICT_OBJC_MSGSEND = YES;
				GCC_C_LANGUAGE_STANDARD = gnu11;
				GCC_NO_COMMON_BLOCKS = YES;
				GCC_WARN_64_TO_32_BIT_CONVERSION = YES;
				GCC_WARN_ABOUT_RETURN_TYPE = YES_ERROR;
				GCC_WARN_UNDECLARED_SELECTOR = YES;
				GCC_WARN_UNINITIALIZED_AUTOS = YES_AGGRESSIVE;
				GCC_WARN_UNUSED_FUNCTION = YES;
				GCC_WARN_UNUSED_VARIABLE = YES;
				IPHONEOS_DEPLOYMENT_TARGET = 16.4;
				MTL_ENABLE_DEBUG_INFO = NO;
				MTL_FAST_MATH = YES;
				SDKROOT = iphoneos;
				SWIFT_COMPILATION_MODE = wholemodule;
				SWIFT_OPTIMIZATION_LEVEL = "-O";
				VALIDATE_PRODUCT = YES;
			};
			name = Release;
		};
		4C30EED32A73625B00D91D59 /* Debug */ = {
			isa = XCBuildConfiguration;
			buildSettings = {
				ALWAYS_EMBED_SWIFT_STANDARD_LIBRARIES = YES;
				ASSETCATALOG_COMPILER_APPICON_NAME = AppIcon;
				ASSETCATALOG_COMPILER_GLOBAL_ACCENT_COLOR_NAME = AccentColor;
				CODE_SIGN_ENTITLEMENTS = NutriCam/NutriCam.entitlements;
				CODE_SIGN_STYLE = Automatic;
				CURRENT_PROJECT_VERSION = 1;
				DEVELOPMENT_ASSET_PATHS = "\"NutriCam/Preview Content\"";
				DEVELOPMENT_TEAM = 594Q84397D;
				ENABLE_PREVIEWS = YES;
				GENERATE_INFOPLIST_FILE = YES;
				INFOPLIST_FILE = NutriCam/Info.plist;
				INFOPLIST_KEY_NSCameraUsageDescription = "Takes pictures to demonstrate image recognition.";
				INFOPLIST_KEY_UIApplicationSceneManifest_Generation = YES;
				INFOPLIST_KEY_UIApplicationSupportsIndirectInputEvents = YES;
				INFOPLIST_KEY_UILaunchScreen_Generation = YES;
				INFOPLIST_KEY_UISupportedInterfaceOrientations = UIInterfaceOrientationPortrait;
				INFOPLIST_KEY_UISupportedInterfaceOrientations_iPad = "UIInterfaceOrientationLandscapeLeft UIInterfaceOrientationLandscapeRight UIInterfaceOrientationPortrait UIInterfaceOrientationPortraitUpsideDown";
				LD_RUNPATH_SEARCH_PATHS = (
					"$(inherited)",
					"@executable_path/Frameworks",
				);
				MARKETING_VERSION = 1.0;
				PRODUCT_BUNDLE_IDENTIFIER = com.adaa.NutriCam;
				PRODUCT_NAME = "$(TARGET_NAME)";
				SUPPORTED_PLATFORMS = "iphoneos iphonesimulator";
				SUPPORTS_MACCATALYST = NO;
				SUPPORTS_MAC_DESIGNED_FOR_IPHONE_IPAD = NO;
				SWIFT_EMIT_LOC_STRINGS = YES;
				SWIFT_VERSION = 5.0;
				TARGETED_DEVICE_FAMILY = 1;
			};
			name = Debug;
		};
		4C30EED42A73625B00D91D59 /* Release */ = {
			isa = XCBuildConfiguration;
			buildSettings = {
				ALWAYS_EMBED_SWIFT_STANDARD_LIBRARIES = YES;
				ASSETCATALOG_COMPILER_APPICON_NAME = AppIcon;
				ASSETCATALOG_COMPILER_GLOBAL_ACCENT_COLOR_NAME = AccentColor;
				CODE_SIGN_ENTITLEMENTS = NutriCam/NutriCam.entitlements;
				CODE_SIGN_STYLE = Automatic;
				CURRENT_PROJECT_VERSION = 1;
				DEVELOPMENT_ASSET_PATHS = "\"NutriCam/Preview Content\"";
				DEVELOPMENT_TEAM = 594Q84397D;
				ENABLE_PREVIEWS = YES;
				GENERATE_INFOPLIST_FILE = YES;
				INFOPLIST_FILE = NutriCam/Info.plist;
				INFOPLIST_KEY_NSCameraUsageDescription = "Takes pictures to demonstrate image recognition.";
				INFOPLIST_KEY_UIApplicationSceneManifest_Generation = YES;
				INFOPLIST_KEY_UIApplicationSupportsIndirectInputEvents = YES;
				INFOPLIST_KEY_UILaunchScreen_Generation = YES;
				INFOPLIST_KEY_UISupportedInterfaceOrientations = UIInterfaceOrientationPortrait;
				INFOPLIST_KEY_UISupportedInterfaceOrientations_iPad = "UIInterfaceOrientationLandscapeLeft UIInterfaceOrientationLandscapeRight UIInterfaceOrientationPortrait UIInterfaceOrientationPortraitUpsideDown";
				LD_RUNPATH_SEARCH_PATHS = (
					"$(inherited)",
					"@executable_path/Frameworks",
				);
				MARKETING_VERSION = 1.0;
				PRODUCT_BUNDLE_IDENTIFIER = com.adaa.NutriCam;
				PRODUCT_NAME = "$(TARGET_NAME)";
				SUPPORTED_PLATFORMS = "iphoneos iphonesimulator";
				SUPPORTS_MACCATALYST = NO;
				SUPPORTS_MAC_DESIGNED_FOR_IPHONE_IPAD = NO;
				SWIFT_EMIT_LOC_STRINGS = YES;
				SWIFT_VERSION = 5.0;
				TARGETED_DEVICE_FAMILY = 1;
			};
			name = Release;
		};
		8D2814622A75363F0077D7D3 /* Debug */ = {
			isa = XCBuildConfiguration;
			buildSettings = {
				ASSETCATALOG_COMPILER_GLOBAL_ACCENT_COLOR_NAME = AccentColor;
				ASSETCATALOG_COMPILER_WIDGET_BACKGROUND_COLOR_NAME = WidgetBackground;
				CODE_SIGN_ENTITLEMENTS = NutriCamWidgetExtension.entitlements;
				CODE_SIGN_STYLE = Automatic;
				CURRENT_PROJECT_VERSION = 1;
				DEVELOPMENT_TEAM = 594Q84397D;
				GENERATE_INFOPLIST_FILE = YES;
				INFOPLIST_FILE = NutriCamWidget/Info.plist;
				INFOPLIST_KEY_CFBundleDisplayName = NutriCamWidget;
				INFOPLIST_KEY_NSHumanReadableCopyright = "";
				LD_RUNPATH_SEARCH_PATHS = (
					"$(inherited)",
					"@executable_path/Frameworks",
					"@executable_path/../../Frameworks",
				);
				MARKETING_VERSION = 1.0;
				PRODUCT_BUNDLE_IDENTIFIER = com.adaa.NutriCam.NutriCamWidget;
				PRODUCT_NAME = "$(TARGET_NAME)";
				SKIP_INSTALL = YES;
				SWIFT_EMIT_LOC_STRINGS = YES;
				SWIFT_VERSION = 5.0;
				TARGETED_DEVICE_FAMILY = "1,2";
			};
			name = Debug;
		};
		8D2814632A75363F0077D7D3 /* Release */ = {
			isa = XCBuildConfiguration;
			buildSettings = {
				ASSETCATALOG_COMPILER_GLOBAL_ACCENT_COLOR_NAME = AccentColor;
				ASSETCATALOG_COMPILER_WIDGET_BACKGROUND_COLOR_NAME = WidgetBackground;
				CODE_SIGN_ENTITLEMENTS = NutriCamWidgetExtension.entitlements;
				CODE_SIGN_STYLE = Automatic;
				CURRENT_PROJECT_VERSION = 1;
				DEVELOPMENT_TEAM = 594Q84397D;
				GENERATE_INFOPLIST_FILE = YES;
				INFOPLIST_FILE = NutriCamWidget/Info.plist;
				INFOPLIST_KEY_CFBundleDisplayName = NutriCamWidget;
				INFOPLIST_KEY_NSHumanReadableCopyright = "";
				LD_RUNPATH_SEARCH_PATHS = (
					"$(inherited)",
					"@executable_path/Frameworks",
					"@executable_path/../../Frameworks",
				);
				MARKETING_VERSION = 1.0;
				PRODUCT_BUNDLE_IDENTIFIER = com.adaa.NutriCam.NutriCamWidget;
				PRODUCT_NAME = "$(TARGET_NAME)";
				SKIP_INSTALL = YES;
				SWIFT_EMIT_LOC_STRINGS = YES;
				SWIFT_VERSION = 5.0;
				TARGETED_DEVICE_FAMILY = "1,2";
			};
			name = Release;
		};
/* End XCBuildConfiguration section */

/* Begin XCConfigurationList section */
		4C30EEBF2A73625900D91D59 /* Build configuration list for PBXProject "NutriCam" */ = {
			isa = XCConfigurationList;
			buildConfigurations = (
				4C30EED02A73625B00D91D59 /* Debug */,
				4C30EED12A73625B00D91D59 /* Release */,
			);
			defaultConfigurationIsVisible = 0;
			defaultConfigurationName = Release;
		};
		4C30EED22A73625B00D91D59 /* Build configuration list for PBXNativeTarget "NutriCam" */ = {
			isa = XCConfigurationList;
			buildConfigurations = (
				4C30EED32A73625B00D91D59 /* Debug */,
				4C30EED42A73625B00D91D59 /* Release */,
			);
			defaultConfigurationIsVisible = 0;
			defaultConfigurationName = Release;
		};
		8D2814642A75363F0077D7D3 /* Build configuration list for PBXNativeTarget "NutriCamWidgetExtension" */ = {
			isa = XCConfigurationList;
			buildConfigurations = (
				8D2814622A75363F0077D7D3 /* Debug */,
				8D2814632A75363F0077D7D3 /* Release */,
			);
			defaultConfigurationIsVisible = 0;
			defaultConfigurationName = Release;
		};
/* End XCConfigurationList section */

/* Begin XCVersionGroup section */
		8D4D648D2A7D1053002B6200 /* NutriCamData.xcdatamodeld */ = {
			isa = XCVersionGroup;
			children = (
				8D4D648E2A7D1053002B6200 /* NutriCamData.xcdatamodel */,
			);
			currentVersion = 8D4D648E2A7D1053002B6200 /* NutriCamData.xcdatamodel */;
			path = NutriCamData.xcdatamodeld;
			sourceTree = "<group>";
			versionGroupType = wrapper.xcdatamodel;
		};
/* End XCVersionGroup section */
	};
	rootObject = 4C30EEBC2A73625900D91D59 /* Project object */;
}
